Microsoft Visual Studio Solution File, Format Version 12.00
# Visual Studio 15
VisualStudioVersion = 15.0.27130.0
MinimumVisualStudioVersion = 10.0.40219.1
Project("{9A19103F-16F7-4668-BE54-9A1E7A4F7556}") = "SkiaSharpConsoleDemo", "SkiaSharpConsoleDemo\SkiaSharpConsoleDemo.csproj", "{340BF907-A063-4EAE-92A8-56BAC95CD3DB}"
EndProject
Global
	GlobalSection(SolutionConfigurationPlatforms) = preSolution
		Debug|Any CPU = Debug|Any CPU
		Release|Any CPU = Release|Any CPU
	EndGlobalSection
	GlobalSection(ProjectConfigurationPlatforms) = postSolution
		{340BF907-A063-4EAE-92A8-56BAC95CD3DB}.Debug|Any CPU.ActiveCfg = Debug|Any CPU
		{340BF907-A063-4EAE-92A8-56BAC95CD3DB}.Debug|Any CPU.Build.0 = Debug|Any CPU
		{340BF907-A063-4EAE-92A8-56BAC95CD3DB}.Release|Any CPU.ActiveCfg = Release|Any CPU
		{340BF907-A063-4EAE-92A8-56BAC95CD3DB}.Release|Any CPU.Build.0 = Release|Any CPU
	EndGlobalSection
	GlobalSection(SolutionProperties) = preSolution
		HideSolutionNode = FALSE
	EndGlobalSection
	GlobalSection(ExtensibilityGlobals) = postSolution
		SolutionGuid = {93912FF4-363D-4A38-9F58-B406EF970889}
	EndGlobalSection
EndGlobal
